
Microsoft Visual Studio Solution File, Format Version 12.00
# Visual Studio Version 17
VisualStudioVersion = 17.0.31903.59
MinimumVisualStudioVersion = 10.0.40219.1
Project("{FAE04EC0-301F-11D3-BF4B-00C04F79EFBC}") = "Maliev.SupplierService.Api", "Maliev.SupplierService.Api\Maliev.SupplierService.Api.csproj", "{B8EAFA44-34AF-4FB2-B7AF-E93A5DF67FF8}"
EndProject
Project("{FAE04EC0-301F-11D3-BF4B-00C04F79EFBC}") = "Maliev.SupplierService.Data", "Maliev.SupplierService.Data\Maliev.SupplierService.Data.csproj", "{55F2923D-2DFB-4AB4-883A-DE84F0B2C112}"
EndProject
Project("{FAE04EC0-301F-11D3-BF4B-00C04F79EFBC}") = "Maliev.SupplierService.Tests", "Maliev.SupplierService.Tests\Maliev.SupplierService.Tests.csproj", "{D2F7DF40-7EB4-43D5-A176-9E61F3AE34E6}"
EndProject
Global
	GlobalSection(SolutionConfigurationPlatforms) = preSolution
		Debug|Any CPU = Debug|Any CPU
		Debug|x64 = Debug|x64
		Debug|x86 = Debug|x86
		Release|Any CPU = Release|Any CPU
		Release|x64 = Release|x64
		Release|x86 = Release|x86
	EndGlobalSection
	GlobalSection(ProjectConfigurationPlatforms) = postSolution
		{B8EAFA44-34AF-4FB2-B7AF-E93A5DF67FF8}.Debug|Any CPU.ActiveCfg = Debug|Any CPU
		{B8EAFA44-34AF-4FB2-B7AF-E93A5DF67FF8}.Debug|Any CPU.Build.0 = Debug|Any CPU
		{B8EAFA44-34AF-4FB2-B7AF-E93A5DF67FF8}.Debug|x64.ActiveCfg = Debug|Any CPU
		{B8EAFA44-34AF-4FB2-B7AF-E93A5DF67FF8}.Debug|x64.Build.0 = Debug|Any CPU
		{B8EAFA44-34AF-4FB2-B7AF-E93A5DF67FF8}.Debug|x86.ActiveCfg = Debug|Any CPU
		{B8EAFA44-34AF-4FB2-B7AF-E93A5DF67FF8}.Debug|x86.Build.0 = Debug|Any CPU
		{B8EAFA44-34AF-4FB2-B7AF-E93A5DF67FF8}.Release|Any CPU.ActiveCfg = Release|Any CPU
		{B8EAFA44-34AF-4FB2-B7AF-E93A5DF67FF8}.Release|Any CPU.Build.0 = Release|Any CPU
		{B8EAFA44-34AF-4FB2-B7AF-E93A5DF67FF8}.Release|x64.ActiveCfg = Release|Any CPU
		{B8EAFA44-34AF-4FB2-B7AF-E93A5DF67FF8}.Release|x64.Build.0 = Release|Any CPU
		{B8EAFA44-34AF-4FB2-B7AF-E93A5DF67FF8}.Release|x86.ActiveCfg = Release|Any CPU
		{B8EAFA44-34AF-4FB2-B7AF-E93A5DF67FF8}.Release|x86.Build.0 = Release|Any CPU
		{55F2923D-2DFB-4AB4-883A-DE84F0B2C112}.Debug|Any CPU.ActiveCfg = Debug|Any CPU
		{55F2923D-2DFB-4AB4-883A-DE84F0B2C112}.Debug|Any CPU.Build.0 = Debug|Any CPU
		{55F2923D-2DFB-4AB4-883A-DE84F0B2C112}.Debug|x64.ActiveCfg = Debug|Any CPU
		{55F2923D-2DFB-4AB4-883A-DE84F0B2C112}.Debug|x64.Build.0 = Debug|Any CPU
		{55F2923D-2DFB-4AB4-883A-DE84F0B2C112}.Debug|x86.ActiveCfg = Debug|Any CPU
		{55F2923D-2DFB-4AB4-883A-DE84F0B2C112}.Debug|x86.Build.0 = Debug|Any CPU
		{55F2923D-2DFB-4AB4-883A-DE84F0B2C112}.Release|Any CPU.ActiveCfg = Release|Any CPU
		{55F2923D-2DFB-4AB4-883A-DE84F0B2C112}.Release|Any CPU.Build.0 = Release|Any CPU
		{55F2923D-2DFB-4AB4-883A-DE84F0B2C112}.Release|x64.ActiveCfg = Release|Any CPU
		{55F2923D-2DFB-4AB4-883A-DE84F0B2C112}.Release|x64.Build.0 = Release|Any CPU
		{55F2923D-2DFB-4AB4-883A-DE84F0B2C112}.Release|x86.ActiveCfg = Release|Any CPU
		{55F2923D-2DFB-4AB4-883A-DE84F0B2C112}.Release|x86.Build.0 = Release|Any CPU
		{D2F7DF40-7EB4-43D5-A176-9E61F3AE34E6}.Debug|Any CPU.ActiveCfg = Debug|Any CPU
		{D2F7DF40-7EB4-43D5-A176-9E61F3AE34E6}.Debug|Any CPU.Build.0 = Debug|Any CPU
		{D2F7DF40-7EB4-43D5-A176-9E61F3AE34E6}.Debug|x64.ActiveCfg = Debug|Any CPU
		{D2F7DF40-7EB4-43D5-A176-9E61F3AE34E6}.Debug|x64.Build.0 = Debug|Any CPU
		{D2F7DF40-7EB4-43D5-A176-9E61F3AE34E6}.Debug|x86.ActiveCfg = Debug|Any CPU
		{D2F7DF40-7EB4-43D5-A176-9E61F3AE34E6}.Debug|x86.Build.0 = Debug|Any CPU
		{D2F7DF40-7EB4-43D5-A176-9E61F3AE34E6}.Release|Any CPU.ActiveCfg = Release|Any CPU
		{D2F7DF40-7EB4-43D5-A176-9E61F3AE34E6}.Release|Any CPU.Build.0 = Release|Any CPU
		{D2F7DF40-7EB4-43D5-A176-9E61F3AE34E6}.Release|x64.ActiveCfg = Release|Any CPU
		{D2F7DF40-7EB4-43D5-A176-9E61F3AE34E6}.Release|x64.Build.0 = Release|Any CPU
		{D2F7DF40-7EB4-43D5-A176-9E61F3AE34E6}.Release|x86.ActiveCfg = Release|Any CPU
		{D2F7DF40-7EB4-43D5-A176-9E61F3AE34E6}.Release|x86.Build.0 = Release|Any CPU
	EndGlobalSection
	GlobalSection(SolutionProperties) = preSolution
		HideSolutionNode = FALSE
	EndGlobalSection
EndGlobal
